
Microsoft Visual Studio Solution File, Format Version 12.00
Project("{FAE04EC0-301F-11D3-BF4B-00C04F79EFBC}") = "DistributedFractals.Gui", "DistributedFractals.Gui\DistributedFractals.Gui.csproj", "{46CAF4D5-D418-43B9-9982-34524BE2CBBE}"
EndProject
Project("{FAE04EC0-301F-11D3-BF4B-00C04F79EFBC}") = "DistributedFractals.Core", "DistributedFractals.Core\DistributedFractals.Core.csproj", "{21F829C7-5464-47ED-8194-A16E2C32D0CB}"
EndProject
Project("{FAE04EC0-301F-11D3-BF4B-00C04F79EFBC}") = "DistributedFractals.Console", "DistributedFractals.Console\DistributedFractals.Console.csproj", "{C483BDC7-820A-4D37-A903-1658404AF05F}"
EndProject
Project("{FAE04EC0-301F-11D3-BF4B-00C04F79EFBC}") = "DistributedFractals.Communication", "DistributedFractals.Communication\DistributedFractals.Communication.csproj", "{21294902-B610-4BA6-88A8-ABB0C1359344}"
EndProject
Project("{FAE04EC0-301F-11D3-BF4B-00C04F79EFBC}") = "_ClientTest", "_ClientTest\_ClientTest.csproj", "{C6FA3FD2-0DD5-4B25-9B3F-8F325ABC3B46}"
EndProject
Project("{FAE04EC0-301F-11D3-BF4B-00C04F79EFBC}") = "_ServerTest", "_ServerTest\_ServerTest.csproj", "{2624CC32-9D83-46CC-A7D7-0832A48CCC9F}"
EndProject
Project("{FAE04EC0-301F-11D3-BF4B-00C04F79EFBC}") = "DistributedFractals.Video", "DistributedFractals.Video\DistributedFractals.Video.csproj", "{ACF758AF-257E-4ACA-9754-8126E7E89A10}"
EndProject
Global
	GlobalSection(SolutionConfigurationPlatforms) = preSolution
		Debug|Any CPU = Debug|Any CPU
		Debug|x64 = Debug|x64
		Debug|x86 = Debug|x86
		Release|Any CPU = Release|Any CPU
		Release|x64 = Release|x64
		Release|x86 = Release|x86
	EndGlobalSection
	GlobalSection(ProjectConfigurationPlatforms) = postSolution
		{46CAF4D5-D418-43B9-9982-34524BE2CBBE}.Debug|Any CPU.ActiveCfg = Debug|Any CPU
		{46CAF4D5-D418-43B9-9982-34524BE2CBBE}.Debug|Any CPU.Build.0 = Debug|Any CPU
		{46CAF4D5-D418-43B9-9982-34524BE2CBBE}.Debug|x64.ActiveCfg = Debug|Any CPU
		{46CAF4D5-D418-43B9-9982-34524BE2CBBE}.Debug|x64.Build.0 = Debug|Any CPU
		{46CAF4D5-D418-43B9-9982-34524BE2CBBE}.Debug|x86.ActiveCfg = Debug|Any CPU
		{46CAF4D5-D418-43B9-9982-34524BE2CBBE}.Debug|x86.Build.0 = Debug|Any CPU
		{46CAF4D5-D418-43B9-9982-34524BE2CBBE}.Release|Any CPU.ActiveCfg = Release|Any CPU
		{46CAF4D5-D418-43B9-9982-34524BE2CBBE}.Release|Any CPU.Build.0 = Release|Any CPU
		{46CAF4D5-D418-43B9-9982-34524BE2CBBE}.Release|x64.ActiveCfg = Release|Any CPU
		{46CAF4D5-D418-43B9-9982-34524BE2CBBE}.Release|x64.Build.0 = Release|Any CPU
		{46CAF4D5-D418-43B9-9982-34524BE2CBBE}.Release|x86.ActiveCfg = Release|Any CPU
		{46CAF4D5-D418-43B9-9982-34524BE2CBBE}.Release|x86.Build.0 = Release|Any CPU
		{21F829C7-5464-47ED-8194-A16E2C32D0CB}.Debug|Any CPU.ActiveCfg = Debug|Any CPU
		{21F829C7-5464-47ED-8194-A16E2C32D0CB}.Debug|Any CPU.Build.0 = Debug|Any CPU
		{21F829C7-5464-47ED-8194-A16E2C32D0CB}.Debug|x64.ActiveCfg = Debug|Any CPU
		{21F829C7-5464-47ED-8194-A16E2C32D0CB}.Debug|x64.Build.0 = Debug|Any CPU
		{21F829C7-5464-47ED-8194-A16E2C32D0CB}.Debug|x86.ActiveCfg = Debug|Any CPU
		{21F829C7-5464-47ED-8194-A16E2C32D0CB}.Debug|x86.Build.0 = Debug|Any CPU
		{21F829C7-5464-47ED-8194-A16E2C32D0CB}.Release|Any CPU.ActiveCfg = Release|Any CPU
		{21F829C7-5464-47ED-8194-A16E2C32D0CB}.Release|Any CPU.Build.0 = Release|Any CPU
		{21F829C7-5464-47ED-8194-A16E2C32D0CB}.Release|x64.ActiveCfg = Release|Any CPU
		{21F829C7-5464-47ED-8194-A16E2C32D0CB}.Release|x64.Build.0 = Release|Any CPU
		{21F829C7-5464-47ED-8194-A16E2C32D0CB}.Release|x86.ActiveCfg = Release|Any CPU
		{21F829C7-5464-47ED-8194-A16E2C32D0CB}.Release|x86.Build.0 = Release|Any CPU
		{C483BDC7-820A-4D37-A903-1658404AF05F}.Debug|Any CPU.ActiveCfg = Debug|Any CPU
		{C483BDC7-820A-4D37-A903-1658404AF05F}.Debug|Any CPU.Build.0 = Debug|Any CPU
		{C483BDC7-820A-4D37-A903-1658404AF05F}.Debug|x64.ActiveCfg = Debug|Any CPU
		{C483BDC7-820A-4D37-A903-1658404AF05F}.Debug|x64.Build.0 = Debug|Any CPU
		{C483BDC7-820A-4D37-A903-1658404AF05F}.Debug|x86.ActiveCfg = Debug|Any CPU
		{C483BDC7-820A-4D37-A903-1658404AF05F}.Debug|x86.Build.0 = Debug|Any CPU
		{C483BDC7-820A-4D37-A903-1658404AF05F}.Release|Any CPU.ActiveCfg = Release|Any CPU
		{C483BDC7-820A-4D37-A903-1658404AF05F}.Release|Any CPU.Build.0 = Release|Any CPU
		{C483BDC7-820A-4D37-A903-1658404AF05F}.Release|x64.ActiveCfg = Release|Any CPU
		{C483BDC7-820A-4D37-A903-1658404AF05F}.Release|x64.Build.0 = Release|Any CPU
		{C483BDC7-820A-4D37-A903-1658404AF05F}.Release|x86.ActiveCfg = Release|Any CPU
		{C483BDC7-820A-4D37-A903-1658404AF05F}.Release|x86.Build.0 = Release|Any CPU
		{21294902-B610-4BA6-88A8-ABB0C1359344}.Debug|Any CPU.ActiveCfg = Debug|Any CPU
		{21294902-B610-4BA6-88A8-ABB0C1359344}.Debug|Any CPU.Build.0 = Debug|Any CPU
		{21294902-B610-4BA6-88A8-ABB0C1359344}.Debug|x64.ActiveCfg = Debug|Any CPU
		{21294902-B610-4BA6-88A8-ABB0C1359344}.Debug|x64.Build.0 = Debug|Any CPU
		{21294902-B610-4BA6-88A8-ABB0C1359344}.Debug|x86.ActiveCfg = Debug|Any CPU
		{21294902-B610-4BA6-88A8-ABB0C1359344}.Debug|x86.Build.0 = Debug|Any CPU
		{21294902-B610-4BA6-88A8-ABB0C1359344}.Release|Any CPU.ActiveCfg = Release|Any CPU
		{21294902-B610-4BA6-88A8-ABB0C1359344}.Release|Any CPU.Build.0 = Release|Any CPU
		{21294902-B610-4BA6-88A8-ABB0C1359344}.Release|x64.ActiveCfg = Release|Any CPU
		{21294902-B610-4BA6-88A8-ABB0C1359344}.Release|x64.Build.0 = Release|Any CPU
		{21294902-B610-4BA6-88A8-ABB0C1359344}.Release|x86.ActiveCfg = Release|Any CPU
		{21294902-B610-4BA6-88A8-ABB0C1359344}.Release|x86.Build.0 = Release|Any CPU
		{C6FA3FD2-0DD5-4B25-9B3F-8F325ABC3B46}.Debug|Any CPU.ActiveCfg = Debug|Any CPU
		{C6FA3FD2-0DD5-4B25-9B3F-8F325ABC3B46}.Debug|Any CPU.Build.0 = Debug|Any CPU
		{C6FA3FD2-0DD5-4B25-9B3F-8F325ABC3B46}.Debug|x64.ActiveCfg = Debug|Any CPU
		{C6FA3FD2-0DD5-4B25-9B3F-8F325ABC3B46}.Debug|x64.Build.0 = Debug|Any CPU
		{C6FA3FD2-0DD5-4B25-9B3F-8F325ABC3B46}.Debug|x86.ActiveCfg = Debug|Any CPU
		{C6FA3FD2-0DD5-4B25-9B3F-8F325ABC3B46}.Debug|x86.Build.0 = Debug|Any CPU
		{C6FA3FD2-0DD5-4B25-9B3F-8F325ABC3B46}.Release|Any CPU.ActiveCfg = Release|Any CPU
		{C6FA3FD2-0DD5-4B25-9B3F-8F325ABC3B46}.Release|Any CPU.Build.0 = Release|Any CPU
		{C6FA3FD2-0DD5-4B25-9B3F-8F325ABC3B46}.Release|x64.ActiveCfg = Release|Any CPU
		{C6FA3FD2-0DD5-4B25-9B3F-8F325ABC3B46}.Release|x64.Build.0 = Release|Any CPU
		{C6FA3FD2-0DD5-4B25-9B3F-8F325ABC3B46}.Release|x86.ActiveCfg = Release|Any CPU
		{C6FA3FD2-0DD5-4B25-9B3F-8F325ABC3B46}.Release|x86.Build.0 = Release|Any CPU
		{2624CC32-9D83-46CC-A7D7-0832A48CCC9F}.Debug|Any CPU.ActiveCfg = Debug|Any CPU
		{2624CC32-9D83-46CC-A7D7-0832A48CCC9F}.Debug|Any CPU.Build.0 = Debug|Any CPU
		{2624CC32-9D83-46CC-A7D7-0832A48CCC9F}.Debug|x64.ActiveCfg = Debug|Any CPU
		{2624CC32-9D83-46CC-A7D7-0832A48CCC9F}.Debug|x64.Build.0 = Debug|Any CPU
		{2624CC32-9D83-46CC-A7D7-0832A48CCC9F}.Debug|x86.ActiveCfg = Debug|Any CPU
		{2624CC32-9D83-46CC-A7D7-0832A48CCC9F}.Debug|x86.Build.0 = Debug|Any CPU
		{2624CC32-9D83-46CC-A7D7-0832A48CCC9F}.Release|Any CPU.ActiveCfg = Release|Any CPU
		{2624CC32-9D83-46CC-A7D7-0832A48CCC9F}.Release|Any CPU.Build.0 = Release|Any CPU
		{2624CC32-9D83-46CC-A7D7-0832A48CCC9F}.Release|x64.ActiveCfg = Release|Any CPU
		{2624CC32-9D83-46CC-A7D7-0832A48CCC9F}.Release|x64.Build.0 = Release|Any CPU
		{2624CC32-9D83-46CC-A7D7-0832A48CCC9F}.Release|x86.ActiveCfg = Release|Any CPU
		{2624CC32-9D83-46CC-A7D7-0832A48CCC9F}.Release|x86.Build.0 = Release|Any CPU
		{ACF758AF-257E-4ACA-9754-8126E7E89A10}.Debug|Any CPU.ActiveCfg = Debug|Any CPU
		{ACF758AF-257E-4ACA-9754-8126E7E89A10}.Debug|Any CPU.Build.0 = Debug|Any CPU
		{ACF758AF-257E-4ACA-9754-8126E7E89A10}.Debug|x64.ActiveCfg = Debug|Any CPU
		{ACF758AF-257E-4ACA-9754-8126E7E89A10}.Debug|x64.Build.0 = Debug|Any CPU
		{ACF758AF-257E-4ACA-9754-8126E7E89A10}.Debug|x86.ActiveCfg = Debug|Any CPU
		{ACF758AF-257E-4ACA-9754-8126E7E89A10}.Debug|x86.Build.0 = Debug|Any CPU
		{ACF758AF-257E-4ACA-9754-8126E7E89A10}.Release|Any CPU.ActiveCfg = Release|Any CPU
		{ACF758AF-257E-4ACA-9754-8126E7E89A10}.Release|Any CPU.Build.0 = Release|Any CPU
		{ACF758AF-257E-4ACA-9754-8126E7E89A10}.Release|x64.ActiveCfg = Release|Any CPU
		{ACF758AF-257E-4ACA-9754-8126E7E89A10}.Release|x64.Build.0 = Release|Any CPU
		{ACF758AF-257E-4ACA-9754-8126E7E89A10}.Release|x86.ActiveCfg = Release|Any CPU
		{ACF758AF-257E-4ACA-9754-8126E7E89A10}.Release|x86.Build.0 = Release|Any CPU
	EndGlobalSection
	GlobalSection(SolutionProperties) = preSolution
		HideSolutionNode = FALSE
	EndGlobalSection
EndGlobal
